// !$*UTF8*$!
{
	archiveVersion = 1;
	classes = {
	};
	objectVersion = 46;
	objects = {

/* Begin PBXBuildFile section */
		4EB0840F1A6F392000FD5031 /* UserModel.m in Sources */ = {isa = PBXBuildFile; fileRef = 4EB0840E1A6F392000FD5031 /* UserModel.m */; };
		4EFD546B1A6F217900FCFB7C /* main.m in Sources */ = {isa = PBXBuildFile; fileRef = 4EFD546A1A6F217900FCFB7C /* main.m */; };
		4EFD546E1A6F217900FCFB7C /* AppDelegate.m in Sources */ = {isa = PBXBuildFile; fileRef = 4EFD546D1A6F217900FCFB7C /* AppDelegate.m */; };
		4EFD54741A6F217900FCFB7C /* Main.storyboard in Resources */ = {isa = PBXBuildFile; fileRef = 4EFD54721A6F217900FCFB7C /* Main.storyboard */; };
		4EFD54761A6F217900FCFB7C /* Images.xcassets in Resources */ = {isa = PBXBuildFile; fileRef = 4EFD54751A6F217900FCFB7C /* Images.xcassets */; };
		4EFD54791A6F217900FCFB7C /* LaunchScreen.xib in Resources */ = {isa = PBXBuildFile; fileRef = 4EFD54771A6F217900FCFB7C /* LaunchScreen.xib */; };
		4EFD54851A6F217900FCFB7C /* UserModelTests.m in Sources */ = {isa = PBXBuildFile; fileRef = 4EFD54841A6F217900FCFB7C /* UserModelTests.m */; };
		4EFD548F1A6F295A00FCFB7C /* libsqlite3.0.dylib in Frameworks */ = {isa = PBXBuildFile; fileRef = 4EFD548E1A6F295A00FCFB7C /* libsqlite3.0.dylib */; };
		4EFD54911A6F314800FCFB7C /* devoirTest.sqlite in Resources */ = {isa = PBXBuildFile; fileRef = 4EFD54901A6F314800FCFB7C /* devoirTest.sqlite */; };
/* End PBXBuildFile section */

/* Begin PBXContainerItemProxy section */
		4EFD547F1A6F217900FCFB7C /* PBXContainerItemProxy */ = {
			isa = PBXContainerItemProxy;
			containerPortal = 4EFD545D1A6F217900FCFB7C /* Project object */;
			proxyType = 1;
			remoteGlobalIDString = 4EFD54641A6F217900FCFB7C;
			remoteInfo = "ios-devoir";
		};
/* End PBXContainerItemProxy section */

/* Begin PBXFileReference section */
		4EB0840D1A6F392000FD5031 /* UserModel.h */ = {isa = PBXFileReference; fileEncoding = 4; lastKnownFileType = sourcecode.c.h; path = UserModel.h; sourceTree = "<group>"; };
		4EB0840E1A6F392000FD5031 /* UserModel.m */ = {isa = PBXFileReference; fileEncoding = 4; lastKnownFileType = sourcecode.c.objc; path = UserModel.m; sourceTree = "<group>"; };
		4EFD54651A6F217900FCFB7C /* ios-devoir.app */ = {isa = PBXFileReference; explicitFileType = wrapper.application; includeInIndex = 0; path = "ios-devoir.app"; sourceTree = BUILT_PRODUCTS_DIR; };
		4EFD54691A6F217900FCFB7C /* Info.plist */ = {isa = PBXFileReference; lastKnownFileType = text.plist.xml; path = Info.plist; sourceTree = "<group>"; };
		4EFD546A1A6F217900FCFB7C /* main.m */ = {isa = PBXFileReference; lastKnownFileType = sourcecode.c.objc; path = main.m; sourceTree = "<group>"; };
		4EFD546C1A6F217900FCFB7C /* AppDelegate.h */ = {isa = PBXFileReference; lastKnownFileType = sourcecode.c.h; path = AppDelegate.h; sourceTree = "<group>"; };
		4EFD546D1A6F217900FCFB7C /* AppDelegate.m */ = {isa = PBXFileReference; lastKnownFileType = sourcecode.c.objc; path = AppDelegate.m; sourceTree = "<group>"; };
		4EFD54731A6F217900FCFB7C /* Base */ = {isa = PBXFileReference; lastKnownFileType = file.storyboard; name = Base; path = Base.lproj/Main.storyboard; sourceTree = "<group>"; };
		4EFD54751A6F217900FCFB7C /* Images.xcassets */ = {isa = PBXFileReference; lastKnownFileType = folder.assetcatalog; path = Images.xcassets; sourceTree = "<group>"; };
		4EFD54781A6F217900FCFB7C /* Base */ = {isa = PBXFileReference; lastKnownFileType = file.xib; name = Base; path = Base.lproj/LaunchScreen.xib; sourceTree = "<group>"; };
		4EFD547E1A6F217900FCFB7C /* ios-devoirTests.xctest */ = {isa = PBXFileReference; explicitFileType = wrapper.cfbundle; includeInIndex = 0; path = "ios-devoirTests.xctest"; sourceTree = BUILT_PRODUCTS_DIR; };
		4EFD54831A6F217900FCFB7C /* Info.plist */ = {isa = PBXFileReference; lastKnownFileType = text.plist.xml; path = Info.plist; sourceTree = "<group>"; };
		4EFD54841A6F217900FCFB7C /* UserModelTests.m */ = {isa = PBXFileReference; lastKnownFileType = sourcecode.c.objc; path = UserModelTests.m; sourceTree = "<group>"; };
		4EFD548E1A6F295A00FCFB7C /* libsqlite3.0.dylib */ = {isa = PBXFileReference; lastKnownFileType = "compiled.mach-o.dylib"; name = libsqlite3.0.dylib; path = usr/lib/libsqlite3.0.dylib; sourceTree = SDKROOT; };
		4EFD54901A6F314800FCFB7C /* devoirTest.sqlite */ = {isa = PBXFileReference; lastKnownFileType = file; path = devoirTest.sqlite; sourceTree = "<group>"; };
/* End PBXFileReference section */

/* Begin PBXFrameworksBuildPhase section */
		4EFD54621A6F217900FCFB7C /* Frameworks */ = {
			isa = PBXFrameworksBuildPhase;
			buildActionMask = 2147483647;
			files = (
				4EFD548F1A6F295A00FCFB7C /* libsqlite3.0.dylib in Frameworks */,
			);
			runOnlyForDeploymentPostprocessing = 0;
		};
		4EFD547B1A6F217900FCFB7C /* Frameworks */ = {
			isa = PBXFrameworksBuildPhase;
			buildActionMask = 2147483647;
			files = (
			);
			runOnlyForDeploymentPostprocessing = 0;
		};
/* End PBXFrameworksBuildPhase section */

/* Begin PBXGroup section */
		4EB084111A6F4DE600FD5031 /* Frameworks */ = {
			isa = PBXGroup;
			children = (
				4EFD548E1A6F295A00FCFB7C /* libsqlite3.0.dylib */,
			);
			name = Frameworks;
			sourceTree = "<group>";
		};
		4EFD545C1A6F217900FCFB7C = {
			isa = PBXGroup;
			children = (
				4EFD54671A6F217900FCFB7C /* ios-devoir */,
				4EFD54811A6F217900FCFB7C /* ios-devoirTests */,
				4EB084111A6F4DE600FD5031 /* Frameworks */,
				4EFD54661A6F217900FCFB7C /* Products */,
			);
			sourceTree = "<group>";
		};
		4EFD54661A6F217900FCFB7C /* Products */ = {
			isa = PBXGroup;
			children = (
				4EFD54651A6F217900FCFB7C /* ios-devoir.app */,
				4EFD547E1A6F217900FCFB7C /* ios-devoirTests.xctest */,
			);
			name = Products;
			sourceTree = "<group>";
		};
		4EFD54671A6F217900FCFB7C /* ios-devoir */ = {
			isa = PBXGroup;
			children = (
				4EFD54771A6F217900FCFB7C /* LaunchScreen.xib */,
				4EFD54721A6F217900FCFB7C /* Main.storyboard */,
				4EFD546C1A6F217900FCFB7C /* AppDelegate.h */,
				4EFD546D1A6F217900FCFB7C /* AppDelegate.m */,
				4EFD54921A6F326800FCFB7C /* Models */,
				4EFD54931A6F327800FCFB7C /* Views */,
				4EFD54941A6F328800FCFB7C /* Controllers */,
				4EFD54681A6F217900FCFB7C /* Supporting Files */,
				4EFD54901A6F314800FCFB7C /* devoirTest.sqlite */,
				4EFD54751A6F217900FCFB7C /* Images.xcassets */,
			);
			path = "ios-devoir";
			sourceTree = "<group>";
		};
		4EFD54681A6F217900FCFB7C /* Supporting Files */ = {
			isa = PBXGroup;
			children = (
				4EFD54691A6F217900FCFB7C /* Info.plist */,
				4EFD546A1A6F217900FCFB7C /* main.m */,
			);
			name = "Supporting Files";
			sourceTree = "<group>";
		};
		4EFD54811A6F217900FCFB7C /* ios-devoirTests */ = {
			isa = PBXGroup;
			children = (
				4EFD54841A6F217900FCFB7C /* UserModelTests.m */,
				4EFD54821A6F217900FCFB7C /* Supporting Files */,
			);
			path = "ios-devoirTests";
			sourceTree = "<group>";
		};
		4EFD54821A6F217900FCFB7C /* Supporting Files */ = {
			isa = PBXGroup;
			children = (
				4EFD54831A6F217900FCFB7C /* Info.plist */,
			);
			name = "Supporting Files";
			sourceTree = "<group>";
		};
		4EFD54921A6F326800FCFB7C /* Models */ = {
			isa = PBXGroup;
			children = (
				4EB0840D1A6F392000FD5031 /* UserModel.h */,
				4EB0840E1A6F392000FD5031 /* UserModel.m */,
			);
			name = Models;
			sourceTree = "<group>";
		};
		4EFD54931A6F327800FCFB7C /* Views */ = {
			isa = PBXGroup;
			children = (
			);
			name = Views;
			sourceTree = "<group>";
		};
		4EFD54941A6F328800FCFB7C /* Controllers */ = {
			isa = PBXGroup;
			children = (
			);
			name = Controllers;
			sourceTree = "<group>";
		};
/* End PBXGroup section */

/* Begin PBXNativeTarget section */
		4EFD54641A6F217900FCFB7C /* ios-devoir */ = {
			isa = PBXNativeTarget;
			buildConfigurationList = 4EFD54881A6F217900FCFB7C /* Build configuration list for PBXNativeTarget "ios-devoir" */;
			buildPhases = (
				4EFD54611A6F217900FCFB7C /* Sources */,
				4EFD54621A6F217900FCFB7C /* Frameworks */,
				4EFD54631A6F217900FCFB7C /* Resources */,
			);
			buildRules = (
			);
			dependencies = (
			);
			name = "ios-devoir";
			productName = "ios-devoir";
			productReference = 4EFD54651A6F217900FCFB7C /* ios-devoir.app */;
			productType = "com.apple.product-type.application";
		};
		4EFD547D1A6F217900FCFB7C /* ios-devoirTests */ = {
			isa = PBXNativeTarget;
			buildConfigurationList = 4EFD548B1A6F217900FCFB7C /* Build configuration list for PBXNativeTarget "ios-devoirTests" */;
			buildPhases = (
				4EFD547A1A6F217900FCFB7C /* Sources */,
				4EFD547B1A6F217900FCFB7C /* Frameworks */,
				4EFD547C1A6F217900FCFB7C /* Resources */,
			);
			buildRules = (
			);
			dependencies = (
				4EFD54801A6F217900FCFB7C /* PBXTargetDependency */,
			);
			name = "ios-devoirTests";
			productName = "ios-devoirTests";
			productReference = 4EFD547E1A6F217900FCFB7C /* ios-devoirTests.xctest */;
			productType = "com.apple.product-type.bundle.unit-test";
		};
/* End PBXNativeTarget section */

/* Begin PBXProject section */
		4EFD545D1A6F217900FCFB7C /* Project object */ = {
			isa = PBXProject;
			attributes = {
				LastUpgradeCheck = 0610;
				ORGANIZATIONNAME = Brent;
				TargetAttributes = {
					4EFD54641A6F217900FCFB7C = {
						CreatedOnToolsVersion = 6.1.1;
					};
					4EFD547D1A6F217900FCFB7C = {
						CreatedOnToolsVersion = 6.1.1;
						TestTargetID = 4EFD54641A6F217900FCFB7C;
					};
				};
			};
			buildConfigurationList = 4EFD54601A6F217900FCFB7C /* Build configuration list for PBXProject "ios-devoir" */;
			compatibilityVersion = "Xcode 3.2";
			developmentRegion = English;
			hasScannedForEncodings = 0;
			knownRegions = (
				en,
				Base,
			);
			mainGroup = 4EFD545C1A6F217900FCFB7C;
			productRefGroup = 4EFD54661A6F217900FCFB7C /* Products */;
			projectDirPath = "";
			projectRoot = "";
			targets = (
				4EFD54641A6F217900FCFB7C /* ios-devoir */,
				4EFD547D1A6F217900FCFB7C /* ios-devoirTests */,
			);
		};
/* End PBXProject section */

/* Begin PBXResourcesBuildPhase section */
		4EFD54631A6F217900FCFB7C /* Resources */ = {
			isa = PBXResourcesBuildPhase;
			buildActionMask = 2147483647;
			files = (
				4EFD54741A6F217900FCFB7C /* Main.storyboard in Resources */,
				4EFD54791A6F217900FCFB7C /* LaunchScreen.xib in Resources */,
				4EFD54911A6F314800FCFB7C /* devoirTest.sqlite in Resources */,
				4EFD54761A6F217900FCFB7C /* Images.xcassets in Resources */,
			);
			runOnlyForDeploymentPostprocessing = 0;
		};
		4EFD547C1A6F217900FCFB7C /* Resources */ = {
			isa = PBXResourcesBuildPhase;
			buildActionMask = 2147483647;
			files = (
			);
			runOnlyForDeploymentPostprocessing = 0;
		};
/* End PBXResourcesBuildPhase section */

/* Begin PBXSourcesBuildPhase section */
		4EFD54611A6F217900FCFB7C /* Sources */ = {
			isa = PBXSourcesBuildPhase;
			buildActionMask = 2147483647;
			files = (
				4EFD546E1A6F217900FCFB7C /* AppDelegate.m in Sources */,
				4EFD546B1A6F217900FCFB7C /* main.m in Sources */,
				4EB0840F1A6F392000FD5031 /* UserModel.m in Sources */,
			);
			runOnlyForDeploymentPostprocessing = 0;
		};
		4EFD547A1A6F217900FCFB7C /* Sources */ = {
			isa = PBXSourcesBuildPhase;
			buildActionMask = 2147483647;
			files = (
				4EFD54851A6F217900FCFB7C /* UserModelTests.m in Sources */,
			);
			runOnlyForDeploymentPostprocessing = 0;
		};
/* End PBXSourcesBuildPhase section */

/* Begin PBXTargetDependency section */
		4EFD54801A6F217900FCFB7C /* PBXTargetDependency */ = {
			isa = PBXTargetDependency;
			target = 4EFD54641A6F217900FCFB7C /* ios-devoir */;
			targetProxy = 4EFD547F1A6F217900FCFB7C /* PBXContainerItemProxy */;
		};
/* End PBXTargetDependency section */

/* Begin PBXVariantGroup section */
		4EFD54721A6F217900FCFB7C /* Main.storyboard */ = {
			isa = PBXVariantGroup;
			children = (
				4EFD54731A6F217900FCFB7C /* Base */,
			);
			name = Main.storyboard;
			sourceTree = "<group>";
		};
		4EFD54771A6F217900FCFB7C /* LaunchScreen.xib */ = {
			isa = PBXVariantGroup;
			children = (
				4EFD54781A6F217900FCFB7C /* Base */,
			);
			name = LaunchScreen.xib;
			sourceTree = "<group>";
		};
/* End PBXVariantGroup section */

/* Begin XCBuildConfiguration section */
		4EFD54861A6F217900FCFB7C /* Debug */ = {
			isa = XCBuildConfiguration;
			buildSettings = {
				ALWAYS_SEARCH_USER_PATHS = NO;
				CLANG_CXX_LANGUAGE_STANDARD = "gnu++0x";
				CLANG_CXX_LIBRARY = "libc++";
				CLANG_ENABLE_MODULES = YES;
				CLANG_ENABLE_OBJC_ARC = YES;
				CLANG_WARN_BOOL_CONVERSION = YES;
				CLANG_WARN_CONSTANT_CONVERSION = YES;
				CLANG_WARN_DIRECT_OBJC_ISA_USAGE = YES_ERROR;
				CLANG_WARN_EMPTY_BODY = YES;
				CLANG_WARN_ENUM_CONVERSION = YES;
				CLANG_WARN_INT_CONVERSION = YES;
				CLANG_WARN_OBJC_ROOT_CLASS = YES_ERROR;
				CLANG_WARN_UNREACHABLE_CODE = YES;
				CLANG_WARN__DUPLICATE_METHOD_MATCH = YES;
				"CODE_SIGN_IDENTITY[sdk=iphoneos*]" = "iPhone Developer";
				COPY_PHASE_STRIP = NO;
				ENABLE_STRICT_OBJC_MSGSEND = YES;
				GCC_C_LANGUAGE_STANDARD = gnu99;
				GCC_DYNAMIC_NO_PIC = NO;
				GCC_OPTIMIZATION_LEVEL = 0;
				GCC_PREPROCESSOR_DEFINITIONS = (
					"DEBUG=1",
					"$(inherited)",
				);
				GCC_SYMBOLS_PRIVATE_EXTERN = NO;
				GCC_WARN_64_TO_32_BIT_CONVERSION = YES;
				GCC_WARN_ABOUT_RETURN_TYPE = YES_ERROR;
				GCC_WARN_UNDECLARED_SELECTOR = YES;
				GCC_WARN_UNINITIALIZED_AUTOS = YES_AGGRESSIVE;
				GCC_WARN_UNUSED_FUNCTION = YES;
				GCC_WARN_UNUSED_VARIABLE = YES;
				IPHONEOS_DEPLOYMENT_TARGET = 8.1;
				MTL_ENABLE_DEBUG_INFO = YES;
				ONLY_ACTIVE_ARCH = YES;
				SDKROOT = iphoneos;
			};
			name = Debug;
		};
		4EFD54871A6F217900FCFB7C /* Release */ = {
			isa = XCBuildConfiguration;
			buildSettings = {
				ALWAYS_SEARCH_USER_PATHS = NO;
				CLANG_CXX_LANGUAGE_STANDARD = "gnu++0x";
				CLANG_CXX_LIBRARY = "libc++";
				CLANG_ENABLE_MODULES = YES;
				CLANG_ENABLE_OBJC_ARC = YES;
				CLANG_WARN_BOOL_CONVERSION = YES;
				CLANG_WARN_CONSTANT_CONVERSION = YES;
				CLANG_WARN_DIRECT_OBJC_ISA_USAGE = YES_ERROR;
				CLANG_WARN_EMPTY_BODY = YES;
				CLANG_WARN_ENUM_CONVERSION = YES;
				CLANG_WARN_INT_CONVERSION = YES;
				CLANG_WARN_OBJC_ROOT_CLASS = YES_ERROR;
				CLANG_WARN_UNREACHABLE_CODE = YES;
				CLANG_WARN__DUPLICATE_METHOD_MATCH = YES;
				"CODE_SIGN_IDENTITY[sdk=iphoneos*]" = "iPhone Developer";
				COPY_PHASE_STRIP = YES;
				ENABLE_NS_ASSERTIONS = NO;
				ENABLE_STRICT_OBJC_MSGSEND = YES;
				GCC_C_LANGUAGE_STANDARD = gnu99;
				GCC_WARN_64_TO_32_BIT_CONVERSION = YES;
				GCC_WARN_ABOUT_RETURN_TYPE = YES_ERROR;
				GCC_WARN_UNDECLARED_SELECTOR = YES;
				GCC_WARN_UNINITIALIZED_AUTOS = YES_AGGRESSIVE;
				GCC_WARN_UNUSED_FUNCTION = YES;
				GCC_WARN_UNUSED_VARIABLE = YES;
				IPHONEOS_DEPLOYMENT_TARGET = 8.1;
				MTL_ENABLE_DEBUG_INFO = NO;
				SDKROOT = iphoneos;
				VALIDATE_PRODUCT = YES;
			};
			name = Release;
		};
		4EFD54891A6F217900FCFB7C /* Debug */ = {
			isa = XCBuildConfiguration;
			buildSettings = {
				ASSETCATALOG_COMPILER_APPICON_NAME = AppIcon;
				INFOPLIST_FILE = "ios-devoir/Info.plist";
				LD_RUNPATH_SEARCH_PATHS = "$(inherited) @executable_path/Frameworks";
				PRODUCT_NAME = "$(TARGET_NAME)";
			};
			name = Debug;
		};
		4EFD548A1A6F217900FCFB7C /* Release */ = {
			isa = XCBuildConfiguration;
			buildSettings = {
				ASSETCATALOG_COMPILER_APPICON_NAME = AppIcon;
				INFOPLIST_FILE = "ios-devoir/Info.plist";
				LD_RUNPATH_SEARCH_PATHS = "$(inherited) @executable_path/Frameworks";
				PRODUCT_NAME = "$(TARGET_NAME)";
			};
			name = Release;
		};
		4EFD548C1A6F217900FCFB7C /* Debug */ = {
			isa = XCBuildConfiguration;
			buildSettings = {
				BUNDLE_LOADER = "$(TEST_HOST)";
				FRAMEWORK_SEARCH_PATHS = (
					"$(SDKROOT)/Developer/Library/Frameworks",
					"$(inherited)",
				);
				GCC_PREPROCESSOR_DEFINITIONS = (
					"DEBUG=1",
					"$(inherited)",
				);
				INFOPLIST_FILE = "ios-devoirTests/Info.plist";
				LD_RUNPATH_SEARCH_PATHS = "$(inherited) @executable_path/Frameworks @loader_path/Frameworks";
				PRODUCT_NAME = "$(TARGET_NAME)";
				TEST_HOST = "$(BUILT_PRODUCTS_DIR)/ios-devoir.app/ios-devoir";
			};
			name = Debug;
		};
		4EFD548D1A6F217900FCFB7C /* Release */ = {
			isa = XCBuildConfiguration;
			buildSettings = {
				BUNDLE_LOADER = "$(TEST_HOST)";
				FRAMEWORK_SEARCH_PATHS = (
					"$(SDKROOT)/Developer/Library/Frameworks",
					"$(inherited)",
				);
				INFOPLIST_FILE = "ios-devoirTests/Info.plist";
				LD_RUNPATH_SEARCH_PATHS = "$(inherited) @executable_path/Frameworks @loader_path/Frameworks";
				PRODUCT_NAME = "$(TARGET_NAME)";
				TEST_HOST = "$(BUILT_PRODUCTS_DIR)/ios-devoir.app/ios-devoir";
			};
			name = Release;
		};
/* End XCBuildConfiguration section */

/* Begin XCConfigurationList section */
		4EFD54601A6F217900FCFB7C /* Build configuration list for PBXProject "ios-devoir" */ = {
			isa = XCConfigurationList;
			buildConfigurations = (
				4EFD54861A6F217900FCFB7C /* Debug */,
				4EFD54871A6F217900FCFB7C /* Release */,
			);
			defaultConfigurationIsVisible = 0;
			defaultConfigurationName = Release;
		};
		4EFD54881A6F217900FCFB7C /* Build configuration list for PBXNativeTarget "ios-devoir" */ = {
			isa = XCConfigurationList;
			buildConfigurations = (
				4EFD54891A6F217900FCFB7C /* Debug */,
				4EFD548A1A6F217900FCFB7C /* Release */,
			);
			defaultConfigurationIsVisible = 0;
			defaultConfigurationName = Release;
		};
		4EFD548B1A6F217900FCFB7C /* Build configuration list for PBXNativeTarget "ios-devoirTests" */ = {
			isa = XCConfigurationList;
			buildConfigurations = (
				4EFD548C1A6F217900FCFB7C /* Debug */,
				4EFD548D1A6F217900FCFB7C /* Release */,
			);
			defaultConfigurationIsVisible = 0;
			defaultConfigurationName = Release;
		};
/* End XCConfigurationList section */
	};
	rootObject = 4EFD545D1A6F217900FCFB7C /* Project object */;
}
